// !$*UTF8*$!
{
	archiveVersion = 1;
	classes = {
	};
	objectVersion = 46;
	objects = {

/* Begin PBXBuildFile section */
		B83FD5AB1EEDC86B00D61BF3 /* AppDelegate.swift in Sources */ = {isa = PBXBuildFile; fileRef = B83FD5AA1EEDC86B00D61BF3 /* AppDelegate.swift */; };
		B83FD5AD1EEDC86B00D61BF3 /* ViewController.swift in Sources */ = {isa = PBXBuildFile; fileRef = B83FD5AC1EEDC86B00D61BF3 /* ViewController.swift */; };
		B83FD5B21EEDC86B00D61BF3 /* Assets.xcassets in Resources */ = {isa = PBXBuildFile; fileRef = B83FD5B11EEDC86B00D61BF3 /* Assets.xcassets */; };
		B83FD5B51EEDC86B00D61BF3 /* LaunchScreen.storyboard in Resources */ = {isa = PBXBuildFile; fileRef = B83FD5B31EEDC86B00D61BF3 /* LaunchScreen.storyboard */; };
		B83FD5C01EEDC86B00D61BF3 /* HotelChecklistTests.swift in Sources */ = {isa = PBXBuildFile; fileRef = B83FD5BF1EEDC86B00D61BF3 /* HotelChecklistTests.swift */; };
		B83FD5CB1EEDC86B00D61BF3 /* HotelChecklistUITests.swift in Sources */ = {isa = PBXBuildFile; fileRef = B83FD5CA1EEDC86B00D61BF3 /* HotelChecklistUITests.swift */; };
		B83FD5D91EEDFBB600D61BF3 /* Main.storyboard in Resources */ = {isa = PBXBuildFile; fileRef = B83FD5D81EEDFBB600D61BF3 /* Main.storyboard */; };
		B8626ED71EF1716000EA6F24 /* ChecklistView.swift in Sources */ = {isa = PBXBuildFile; fileRef = B8626ED61EF1716000EA6F24 /* ChecklistView.swift */; };
		B89B06071EFDBC5800A052E7 /* SettingsView.swift in Sources */ = {isa = PBXBuildFile; fileRef = B89B06061EFDBC5800A052E7 /* SettingsView.swift */; };
/* End PBXBuildFile section */

/* Begin PBXContainerItemProxy section */
		B83FD5BC1EEDC86B00D61BF3 /* PBXContainerItemProxy */ = {
			isa = PBXContainerItemProxy;
			containerPortal = B83FD59F1EEDC86B00D61BF3 /* Project object */;
			proxyType = 1;
			remoteGlobalIDString = B83FD5A61EEDC86B00D61BF3;
			remoteInfo = HotelChecklist;
		};
		B83FD5C71EEDC86B00D61BF3 /* PBXContainerItemProxy */ = {
			isa = PBXContainerItemProxy;
			containerPortal = B83FD59F1EEDC86B00D61BF3 /* Project object */;
			proxyType = 1;
			remoteGlobalIDString = B83FD5A61EEDC86B00D61BF3;
			remoteInfo = HotelChecklist;
		};
/* End PBXContainerItemProxy section */

/* Begin PBXFileReference section */
		B83FD5A71EEDC86B00D61BF3 /* HotelChecklist.app */ = {isa = PBXFileReference; explicitFileType = wrapper.application; includeInIndex = 0; path = HotelChecklist.app; sourceTree = BUILT_PRODUCTS_DIR; };
		B83FD5AA1EEDC86B00D61BF3 /* AppDelegate.swift */ = {isa = PBXFileReference; lastKnownFileType = sourcecode.swift; path = AppDelegate.swift; sourceTree = "<group>"; };
		B83FD5AC1EEDC86B00D61BF3 /* ViewController.swift */ = {isa = PBXFileReference; lastKnownFileType = sourcecode.swift; path = ViewController.swift; sourceTree = "<group>"; };
		B83FD5B11EEDC86B00D61BF3 /* Assets.xcassets */ = {isa = PBXFileReference; lastKnownFileType = folder.assetcatalog; path = Assets.xcassets; sourceTree = "<group>"; };
		B83FD5B41EEDC86B00D61BF3 /* Base */ = {isa = PBXFileReference; lastKnownFileType = file.storyboard; name = Base; path = Base.lproj/LaunchScreen.storyboard; sourceTree = "<group>"; };
		B83FD5B61EEDC86B00D61BF3 /* Info.plist */ = {isa = PBXFileReference; lastKnownFileType = text.plist.xml; path = Info.plist; sourceTree = "<group>"; };
		B83FD5BB1EEDC86B00D61BF3 /* HotelChecklistTests.xctest */ = {isa = PBXFileReference; explicitFileType = wrapper.cfbundle; includeInIndex = 0; path = HotelChecklistTests.xctest; sourceTree = BUILT_PRODUCTS_DIR; };
		B83FD5BF1EEDC86B00D61BF3 /* HotelChecklistTests.swift */ = {isa = PBXFileReference; lastKnownFileType = sourcecode.swift; path = HotelChecklistTests.swift; sourceTree = "<group>"; };
		B83FD5C11EEDC86B00D61BF3 /* Info.plist */ = {isa = PBXFileReference; lastKnownFileType = text.plist.xml; path = Info.plist; sourceTree = "<group>"; };
		B83FD5C61EEDC86B00D61BF3 /* HotelChecklistUITests.xctest */ = {isa = PBXFileReference; explicitFileType = wrapper.cfbundle; includeInIndex = 0; path = HotelChecklistUITests.xctest; sourceTree = BUILT_PRODUCTS_DIR; };
		B83FD5CA1EEDC86B00D61BF3 /* HotelChecklistUITests.swift */ = {isa = PBXFileReference; lastKnownFileType = sourcecode.swift; path = HotelChecklistUITests.swift; sourceTree = "<group>"; };
		B83FD5CC1EEDC86B00D61BF3 /* Info.plist */ = {isa = PBXFileReference; lastKnownFileType = text.plist.xml; path = Info.plist; sourceTree = "<group>"; };
		B83FD5D81EEDFBB600D61BF3 /* Main.storyboard */ = {isa = PBXFileReference; fileEncoding = 4; lastKnownFileType = file.storyboard; path = Main.storyboard; sourceTree = "<group>"; };
		B8626ED61EF1716000EA6F24 /* ChecklistView.swift */ = {isa = PBXFileReference; fileEncoding = 4; lastKnownFileType = sourcecode.swift; path = ChecklistView.swift; sourceTree = "<group>"; };
		B89B06061EFDBC5800A052E7 /* SettingsView.swift */ = {isa = PBXFileReference; fileEncoding = 4; lastKnownFileType = sourcecode.swift; path = SettingsView.swift; sourceTree = "<group>"; };
/* End PBXFileReference section */

/* Begin PBXFrameworksBuildPhase section */
		B83FD5A41EEDC86B00D61BF3 /* Frameworks */ = {
			isa = PBXFrameworksBuildPhase;
			buildActionMask = 2147483647;
			files = (
			);
			runOnlyForDeploymentPostprocessing = 0;
		};
		B83FD5B81EEDC86B00D61BF3 /* Frameworks */ = {
			isa = PBXFrameworksBuildPhase;
			buildActionMask = 2147483647;
			files = (
			);
			runOnlyForDeploymentPostprocessing = 0;
		};
		B83FD5C31EEDC86B00D61BF3 /* Frameworks */ = {
			isa = PBXFrameworksBuildPhase;
			buildActionMask = 2147483647;
			files = (
			);
			runOnlyForDeploymentPostprocessing = 0;
		};
/* End PBXFrameworksBuildPhase section */

/* Begin PBXGroup section */
		B83FD59E1EEDC86B00D61BF3 = {
			isa = PBXGroup;
			children = (
				B83FD5A91EEDC86B00D61BF3 /* HotelChecklist */,
				B83FD5BE1EEDC86B00D61BF3 /* HotelChecklistTests */,
				B83FD5C91EEDC86B00D61BF3 /* HotelChecklistUITests */,
				B83FD5A81EEDC86B00D61BF3 /* Products */,
			);
			sourceTree = "<group>";
		};
		B83FD5A81EEDC86B00D61BF3 /* Products */ = {
			isa = PBXGroup;
			children = (
				B83FD5A71EEDC86B00D61BF3 /* HotelChecklist.app */,
				B83FD5BB1EEDC86B00D61BF3 /* HotelChecklistTests.xctest */,
				B83FD5C61EEDC86B00D61BF3 /* HotelChecklistUITests.xctest */,
			);
			name = Products;
			sourceTree = "<group>";
		};
		B83FD5A91EEDC86B00D61BF3 /* HotelChecklist */ = {
			isa = PBXGroup;
			children = (
				B83FD5AA1EEDC86B00D61BF3 /* AppDelegate.swift */,
				B83FD5AC1EEDC86B00D61BF3 /* ViewController.swift */,
				B83FD5B11EEDC86B00D61BF3 /* Assets.xcassets */,
				B83FD5B31EEDC86B00D61BF3 /* LaunchScreen.storyboard */,
				B83FD5B61EEDC86B00D61BF3 /* Info.plist */,
				B83FD5D81EEDFBB600D61BF3 /* Main.storyboard */,
				B8626ED61EF1716000EA6F24 /* ChecklistView.swift */,
				B89B06061EFDBC5800A052E7 /* SettingsView.swift */,
			);
			path = HotelChecklist;
			sourceTree = "<group>";
		};
		B83FD5BE1EEDC86B00D61BF3 /* HotelChecklistTests */ = {
			isa = PBXGroup;
			children = (
				B83FD5BF1EEDC86B00D61BF3 /* HotelChecklistTests.swift */,
				B83FD5C11EEDC86B00D61BF3 /* Info.plist */,
			);
			path = HotelChecklistTests;
			sourceTree = "<group>";
		};
		B83FD5C91EEDC86B00D61BF3 /* HotelChecklistUITests */ = {
			isa = PBXGroup;
			children = (
				B83FD5CA1EEDC86B00D61BF3 /* HotelChecklistUITests.swift */,
				B83FD5CC1EEDC86B00D61BF3 /* Info.plist */,
			);
			path = HotelChecklistUITests;
			sourceTree = "<group>";
		};
/* End PBXGroup section */

/* Begin PBXNativeTarget section */
		B83FD5A61EEDC86B00D61BF3 /* HotelChecklist */ = {
			isa = PBXNativeTarget;
			buildConfigurationList = B83FD5CF1EEDC86B00D61BF3 /* Build configuration list for PBXNativeTarget "HotelChecklist" */;
			buildPhases = (
				B83FD5A31EEDC86B00D61BF3 /* Sources */,
				B83FD5A41EEDC86B00D61BF3 /* Frameworks */,
				B83FD5A51EEDC86B00D61BF3 /* Resources */,
			);
			buildRules = (
			);
			dependencies = (
			);
			name = HotelChecklist;
			productName = HotelChecklist;
			productReference = B83FD5A71EEDC86B00D61BF3 /* HotelChecklist.app */;
			productType = "com.apple.product-type.application";
		};
		B83FD5BA1EEDC86B00D61BF3 /* HotelChecklistTests */ = {
			isa = PBXNativeTarget;
			buildConfigurationList = B83FD5D21EEDC86B00D61BF3 /* Build configuration list for PBXNativeTarget "HotelChecklistTests" */;
			buildPhases = (
				B83FD5B71EEDC86B00D61BF3 /* Sources */,
				B83FD5B81EEDC86B00D61BF3 /* Frameworks */,
				B83FD5B91EEDC86B00D61BF3 /* Resources */,
			);
			buildRules = (
			);
			dependencies = (
				B83FD5BD1EEDC86B00D61BF3 /* PBXTargetDependency */,
			);
			name = HotelChecklistTests;
			productName = HotelChecklistTests;
			productReference = B83FD5BB1EEDC86B00D61BF3 /* HotelChecklistTests.xctest */;
			productType = "com.apple.product-type.bundle.unit-test";
		};
		B83FD5C51EEDC86B00D61BF3 /* HotelChecklistUITests */ = {
			isa = PBXNativeTarget;
			buildConfigurationList = B83FD5D51EEDC86B00D61BF3 /* Build configuration list for PBXNativeTarget "HotelChecklistUITests" */;
			buildPhases = (
				B83FD5C21EEDC86B00D61BF3 /* Sources */,
				B83FD5C31EEDC86B00D61BF3 /* Frameworks */,
				B83FD5C41EEDC86B00D61BF3 /* Resources */,
			);
			buildRules = (
			);
			dependencies = (
				B83FD5C81EEDC86B00D61BF3 /* PBXTargetDependency */,
			);
			name = HotelChecklistUITests;
			productName = HotelChecklistUITests;
			productReference = B83FD5C61EEDC86B00D61BF3 /* HotelChecklistUITests.xctest */;
			productType = "com.apple.product-type.bundle.ui-testing";
		};
/* End PBXNativeTarget section */

/* Begin PBXProject section */
		B83FD59F1EEDC86B00D61BF3 /* Project object */ = {
			isa = PBXProject;
			attributes = {
				LastSwiftUpdateCheck = 0830;
				LastUpgradeCheck = 0830;
				ORGANIZATIONNAME = "Akash Bakshi";
				TargetAttributes = {
					B83FD5A61EEDC86B00D61BF3 = {
						CreatedOnToolsVersion = 8.3.2;
						DevelopmentTeam = 25E73F4PN4;
						ProvisioningStyle = Automatic;
					};
					B83FD5BA1EEDC86B00D61BF3 = {
						CreatedOnToolsVersion = 8.3.2;
						DevelopmentTeam = 25E73F4PN4;
						ProvisioningStyle = Automatic;
						TestTargetID = B83FD5A61EEDC86B00D61BF3;
					};
					B83FD5C51EEDC86B00D61BF3 = {
						CreatedOnToolsVersion = 8.3.2;
						DevelopmentTeam = 25E73F4PN4;
						ProvisioningStyle = Automatic;
						TestTargetID = B83FD5A61EEDC86B00D61BF3;
					};
				};
			};
			buildConfigurationList = B83FD5A21EEDC86B00D61BF3 /* Build configuration list for PBXProject "HotelChecklist" */;
			compatibilityVersion = "Xcode 3.2";
			developmentRegion = English;
			hasScannedForEncodings = 0;
			knownRegions = (
				en,
				Base,
			);
			mainGroup = B83FD59E1EEDC86B00D61BF3;
			productRefGroup = B83FD5A81EEDC86B00D61BF3 /* Products */;
			projectDirPath = "";
			projectRoot = "";
			targets = (
				B83FD5A61EEDC86B00D61BF3 /* HotelChecklist */,
				B83FD5BA1EEDC86B00D61BF3 /* HotelChecklistTests */,
				B83FD5C51EEDC86B00D61BF3 /* HotelChecklistUITests */,
			);
		};
/* End PBXProject section */

/* Begin PBXResourcesBuildPhase section */
		B83FD5A51EEDC86B00D61BF3 /* Resources */ = {
			isa = PBXResourcesBuildPhase;
			buildActionMask = 2147483647;
			files = (
				B83FD5D91EEDFBB600D61BF3 /* Main.storyboard in Resources */,
				B83FD5B51EEDC86B00D61BF3 /* LaunchScreen.storyboard in Resources */,
				B83FD5B21EEDC86B00D61BF3 /* Assets.xcassets in Resources */,
			);
			runOnlyForDeploymentPostprocessing = 0;
		};
		B83FD5B91EEDC86B00D61BF3 /* Resources */ = {
			isa = PBXResourcesBuildPhase;
			buildActionMask = 2147483647;
			files = (
			);
			runOnlyForDeploymentPostprocessing = 0;
		};
		B83FD5C41EEDC86B00D61BF3 /* Resources */ = {
			isa = PBXResourcesBuildPhase;
			buildActionMask = 2147483647;
			files = (
			);
			runOnlyForDeploymentPostprocessing = 0;
		};
/* End PBXResourcesBuildPhase section */

/* Begin PBXSourcesBuildPhase section */
		B83FD5A31EEDC86B00D61BF3 /* Sources */ = {
			isa = PBXSourcesBuildPhase;
			buildActionMask = 2147483647;
			files = (
				B8626ED71EF1716000EA6F24 /* ChecklistView.swift in Sources */,
				B89B06071EFDBC5800A052E7 /* SettingsView.swift in Sources */,
				B83FD5AD1EEDC86B00D61BF3 /* ViewController.swift in Sources */,
				B83FD5AB1EEDC86B00D61BF3 /* AppDelegate.swift in Sources */,
			);
			runOnlyForDeploymentPostprocessing = 0;
		};
		B83FD5B71EEDC86B00D61BF3 /* Sources */ = {
			isa = PBXSourcesBuildPhase;
			buildActionMask = 2147483647;
			files = (
				B83FD5C01EEDC86B00D61BF3 /* HotelChecklistTests.swift in Sources */,
			);
			runOnlyForDeploymentPostprocessing = 0;
		};
		B83FD5C21EEDC86B00D61BF3 /* Sources */ = {
			isa = PBXSourcesBuildPhase;
			buildActionMask = 2147483647;
			files = (
				B83FD5CB1EEDC86B00D61BF3 /* HotelChecklistUITests.swift in Sources */,
			);
			runOnlyForDeploymentPostprocessing = 0;
		};
/* End PBXSourcesBuildPhase section */

/* Begin PBXTargetDependency section */
		B83FD5BD1EEDC86B00D61BF3 /* PBXTargetDependency */ = {
			isa = PBXTargetDependency;
			target = B83FD5A61EEDC86B00D61BF3 /* HotelChecklist */;
			targetProxy = B83FD5BC1EEDC86B00D61BF3 /* PBXContainerItemProxy */;
		};
		B83FD5C81EEDC86B00D61BF3 /* PBXTargetDependency */ = {
			isa = PBXTargetDependency;
			target = B83FD5A61EEDC86B00D61BF3 /* HotelChecklist */;
			targetProxy = B83FD5C71EEDC86B00D61BF3 /* PBXContainerItemProxy */;
		};
/* End PBXTargetDependency section */

/* Begin PBXVariantGroup section */
		B83FD5B31EEDC86B00D61BF3 /* LaunchScreen.storyboard */ = {
			isa = PBXVariantGroup;
			children = (
				B83FD5B41EEDC86B00D61BF3 /* Base */,
			);
			name = LaunchScreen.storyboard;
			sourceTree = "<group>";
		};
/* End PBXVariantGroup section */

/* Begin XCBuildConfiguration section */
		B83FD5CD1EEDC86B00D61BF3 /* Debug */ = {
			isa = XCBuildConfiguration;
			buildSettings = {
				ALWAYS_SEARCH_USER_PATHS = NO;
				CLANG_ANALYZER_NONNULL = YES;
				CLANG_ANALYZER_NUMBER_OBJECT_CONVERSION = YES_AGGRESSIVE;
				CLANG_CXX_LANGUAGE_STANDARD = "gnu++0x";
				CLANG_CXX_LIBRARY = "libc++";
				CLANG_ENABLE_MODULES = YES;
				CLANG_ENABLE_OBJC_ARC = YES;
				CLANG_WARN_BOOL_CONVERSION = YES;
				CLANG_WARN_CONSTANT_CONVERSION = YES;
				CLANG_WARN_DIRECT_OBJC_ISA_USAGE = YES_ERROR;
				CLANG_WARN_DOCUMENTATION_COMMENTS = YES;
				CLANG_WARN_EMPTY_BODY = YES;
				CLANG_WARN_ENUM_CONVERSION = YES;
				CLANG_WARN_INFINITE_RECURSION = YES;
				CLANG_WARN_INT_CONVERSION = YES;
				CLANG_WARN_OBJC_ROOT_CLASS = YES_ERROR;
				CLANG_WARN_SUSPICIOUS_MOVE = YES;
				CLANG_WARN_UNREACHABLE_CODE = YES;
				CLANG_WARN__DUPLICATE_METHOD_MATCH = YES;
				"CODE_SIGN_IDENTITY[sdk=iphoneos*]" = "iPhone Developer";
				COPY_PHASE_STRIP = NO;
				DEBUG_INFORMATION_FORMAT = dwarf;
				ENABLE_STRICT_OBJC_MSGSEND = YES;
				ENABLE_TESTABILITY = YES;
				GCC_C_LANGUAGE_STANDARD = gnu99;
				GCC_DYNAMIC_NO_PIC = NO;
				GCC_NO_COMMON_BLOCKS = YES;
				GCC_OPTIMIZATION_LEVEL = 0;
				GCC_PREPROCESSOR_DEFINITIONS = (
					"DEBUG=1",
					"$(inherited)",
				);
				GCC_WARN_64_TO_32_BIT_CONVERSION = YES;
				GCC_WARN_ABOUT_RETURN_TYPE = YES_ERROR;
				GCC_WARN_UNDECLARED_SELECTOR = YES;
				GCC_WARN_UNINITIALIZED_AUTOS = YES_AGGRESSIVE;
				GCC_WARN_UNUSED_FUNCTION = YES;
				GCC_WARN_UNUSED_VARIABLE = YES;
				IPHONEOS_DEPLOYMENT_TARGET = 10.3;
				MTL_ENABLE_DEBUG_INFO = YES;
				ONLY_ACTIVE_ARCH = YES;
				SDKROOT = iphoneos;
				SWIFT_ACTIVE_COMPILATION_CONDITIONS = DEBUG;
				SWIFT_OPTIMIZATION_LEVEL = "-Onone";
				TARGETED_DEVICE_FAMILY = "1,2";
			};
			name = Debug;
		};
		B83FD5CE1EEDC86B00D61BF3 /* Release */ = {
			isa = XCBuildConfiguration;
			buildSettings = {
				ALWAYS_SEARCH_USER_PATHS = NO;
				CLANG_ANALYZER_NONNULL = YES;
				CLANG_ANALYZER_NUMBER_OBJECT_CONVERSION = YES_AGGRESSIVE;
				CLANG_CXX_LANGUAGE_STANDARD = "gnu++0x";
				CLANG_CXX_LIBRARY = "libc++";
				CLANG_ENABLE_MODULES = YES;
				CLANG_ENABLE_OBJC_ARC = YES;
				CLANG_WARN_BOOL_CONVERSION = YES;
				CLANG_WARN_CONSTANT_CONVERSION = YES;
				CLANG_WARN_DIRECT_OBJC_ISA_USAGE = YES_ERROR;
				CLANG_WARN_DOCUMENTATION_COMMENTS = YES;
				CLANG_WARN_EMPTY_BODY = YES;
				CLANG_WARN_ENUM_CONVERSION = YES;
				CLANG_WARN_INFINITE_RECURSION = YES;
				CLANG_WARN_INT_CONVERSION = YES;
				CLANG_WARN_OBJC_ROOT_CLASS = YES_ERROR;
				CLANG_WARN_SUSPICIOUS_MOVE = YES;
				CLANG_WARN_UNREACHABLE_CODE = YES;
				CLANG_WARN__DUPLICATE_METHOD_MATCH = YES;
				"CODE_SIGN_IDENTITY[sdk=iphoneos*]" = "iPhone Developer";
				COPY_PHASE_STRIP = NO;
				DEBUG_INFORMATION_FORMAT = "dwarf-with-dsym";
				ENABLE_NS_ASSERTIONS = NO;
				ENABLE_STRICT_OBJC_MSGSEND = YES;
				GCC_C_LANGUAGE_STANDARD = gnu99;
				GCC_NO_COMMON_BLOCKS = YES;
				GCC_WARN_64_TO_32_BIT_CONVERSION = YES;
				GCC_WARN_ABOUT_RETURN_TYPE = YES_ERROR;
				GCC_WARN_UNDECLARED_SELECTOR = YES;
				GCC_WARN_UNINITIALIZED_AUTOS = YES_AGGRESSIVE;
				GCC_WARN_UNUSED_FUNCTION = YES;
				GCC_WARN_UNUSED_VARIABLE = YES;
				IPHONEOS_DEPLOYMENT_TARGET = 10.3;
				MTL_ENABLE_DEBUG_INFO = NO;
				SDKROOT = iphoneos;
				SWIFT_OPTIMIZATION_LEVEL = "-Owholemodule";
				TARGETED_DEVICE_FAMILY = "1,2";
				VALIDATE_PRODUCT = YES;
			};
			name = Release;
		};
		B83FD5D01EEDC86B00D61BF3 /* Debug */ = {
			isa = XCBuildConfiguration;
			buildSettings = {
				ASSETCATALOG_COMPILER_APPICON_NAME = AppIcon;
				DEVELOPMENT_TEAM = 25E73F4PN4;
				INFOPLIST_FILE = HotelChecklist/Info.plist;
				LD_RUNPATH_SEARCH_PATHS = "$(inherited) @executable_path/Frameworks";
				PRODUCT_BUNDLE_IDENTIFIER = com.akashbakshi.HotelChecklist;
				PRODUCT_NAME = "$(TARGET_NAME)";
				SWIFT_VERSION = 3.0;
			};
			name = Debug;
		};
		B83FD5D11EEDC86B00D61BF3 /* Release */ = {
			isa = XCBuildConfiguration;
			buildSettings = {
				ASSETCATALOG_COMPILER_APPICON_NAME = AppIcon;
				DEVELOPMENT_TEAM = 25E73F4PN4;
				INFOPLIST_FILE = HotelChecklist/Info.plist;
				LD_RUNPATH_SEARCH_PATHS = "$(inherited) @executable_path/Frameworks";
				PRODUCT_BUNDLE_IDENTIFIER = com.akashbakshi.HotelChecklist;
				PRODUCT_NAME = "$(TARGET_NAME)";
				SWIFT_VERSION = 3.0;
			};
			name = Release;
		};
		B83FD5D31EEDC86B00D61BF3 /* Debug */ = {
			isa = XCBuildConfiguration;
			buildSettings = {
				ALWAYS_EMBED_SWIFT_STANDARD_LIBRARIES = YES;
				BUNDLE_LOADER = "$(TEST_HOST)";
				DEVELOPMENT_TEAM = 25E73F4PN4;
				INFOPLIST_FILE = HotelChecklistTests/Info.plist;
				LD_RUNPATH_SEARCH_PATHS = "$(inherited) @executable_path/Frameworks @loader_path/Frameworks";
				PRODUCT_BUNDLE_IDENTIFIER = com.akashbakshi.HotelChecklistTests;
				PRODUCT_NAME = "$(TARGET_NAME)";
				SWIFT_VERSION = 3.0;
				TEST_HOST = "$(BUILT_PRODUCTS_DIR)/HotelChecklist.app/HotelChecklist";
			};
			name = Debug;
		};
		B83FD5D41EEDC86B00D61BF3 /* Release */ = {
			isa = XCBuildConfiguration;
			buildSettings = {
				ALWAYS_EMBED_SWIFT_STANDARD_LIBRARIES = YES;
				BUNDLE_LOADER = "$(TEST_HOST)";
				DEVELOPMENT_TEAM = 25E73F4PN4;
				INFOPLIST_FILE = HotelChecklistTests/Info.plist;
				LD_RUNPATH_SEARCH_PATHS = "$(inherited) @executable_path/Frameworks @loader_path/Frameworks";
				PRODUCT_BUNDLE_IDENTIFIER = com.akashbakshi.HotelChecklistTests;
				PRODUCT_NAME = "$(TARGET_NAME)";
				SWIFT_VERSION = 3.0;
				TEST_HOST = "$(BUILT_PRODUCTS_DIR)/HotelChecklist.app/HotelChecklist";
			};
			name = Release;
		};
		B83FD5D61EEDC86B00D61BF3 /* Debug */ = {
			isa = XCBuildConfiguration;
			buildSettings = {
				ALWAYS_EMBED_SWIFT_STANDARD_LIBRARIES = YES;
				DEVELOPMENT_TEAM = 25E73F4PN4;
				INFOPLIST_FILE = HotelChecklistUITests/Info.plist;
				LD_RUNPATH_SEARCH_PATHS = "$(inherited) @executable_path/Frameworks @loader_path/Frameworks";
				PRODUCT_BUNDLE_IDENTIFIER = com.akashbakshi.HotelChecklistUITests;
				PRODUCT_NAME = "$(TARGET_NAME)";
				SWIFT_VERSION = 3.0;
				TEST_TARGET_NAME = HotelChecklist;
			};
			name = Debug;
		};
		B83FD5D71EEDC86B00D61BF3 /* Release */ = {
			isa = XCBuildConfiguration;
			buildSettings = {
				ALWAYS_EMBED_SWIFT_STANDARD_LIBRARIES = YES;
				DEVELOPMENT_TEAM = 25E73F4PN4;
				INFOPLIST_FILE = HotelChecklistUITests/Info.plist;
				LD_RUNPATH_SEARCH_PATHS = "$(inherited) @executable_path/Frameworks @loader_path/Frameworks";
				PRODUCT_BUNDLE_IDENTIFIER = com.akashbakshi.HotelChecklistUITests;
				PRODUCT_NAME = "$(TARGET_NAME)";
				SWIFT_VERSION = 3.0;
				TEST_TARGET_NAME = HotelChecklist;
			};
			name = Release;
		};
/* End XCBuildConfiguration section */

/* Begin XCConfigurationList section */
		B83FD5A21EEDC86B00D61BF3 /* Build configuration list for PBXProject "HotelChecklist" */ = {
			isa = XCConfigurationList;
			buildConfigurations = (
				B83FD5CD1EEDC86B00D61BF3 /* Debug */,
				B83FD5CE1EEDC86B00D61BF3 /* Release */,
			);
			defaultConfigurationIsVisible = 0;
			defaultConfigurationName = Release;
		};
		B83FD5CF1EEDC86B00D61BF3 /* Build configuration list for PBXNativeTarget "HotelChecklist" */ = {
			isa = XCConfigurationList;
			buildConfigurations = (
				B83FD5D01EEDC86B00D61BF3 /* Debug */,
				B83FD5D11EEDC86B00D61BF3 /* Release */,
			);
			defaultConfigurationIsVisible = 0;
			defaultConfigurationName = Release;
		};
		B83FD5D21EEDC86B00D61BF3 /* Build configuration list for PBXNativeTarget "HotelChecklistTests" */ = {
			isa = XCConfigurationList;
			buildConfigurations = (
				B83FD5D31EEDC86B00D61BF3 /* Debug */,
				B83FD5D41EEDC86B00D61BF3 /* Release */,
			);
			defaultConfigurationIsVisible = 0;
			defaultConfigurationName = Release;
		};
		B83FD5D51EEDC86B00D61BF3 /* Build configuration list for PBXNativeTarget "HotelChecklistUITests" */ = {
			isa = XCConfigurationList;
			buildConfigurations = (
				B83FD5D61EEDC86B00D61BF3 /* Debug */,
				B83FD5D71EEDC86B00D61BF3 /* Release */,
			);
			defaultConfigurationIsVisible = 0;
			defaultConfigurationName = Release;
		};
/* End XCConfigurationList section */
	};
	rootObject = B83FD59F1EEDC86B00D61BF3 /* Project object */;
}
